
Microsoft Visual Studio Solution File, Format Version 12.00
# Visual Studio Version 16
VisualStudioVersion = 16.0.810.17
MinimumVisualStudioVersion = 10.0.40219.1
Project("{FAE04EC0-301F-11D3-BF4B-00C04F79EFBC}") = "ACM", "ACM.csproj", "{D5809E08-E367-4056-B64F-7D084BD51ED5}"
EndProject
Project("{FAE04EC0-301F-11D3-BF4B-00C04F79EFBC}") = "ACM.BL", "ACM.BL\ACM.BL.csproj", "{2E500103-0C32-46A1-8698-CDC74035C5E4}"
EndProject
Project("{FAE04EC0-301F-11D3-BF4B-00C04F79EFBC}") = "ACM.BLTests", "ACM.BLTests\ACM.BLTests.csproj", "{0BF108D9-9137-4634-B242-720340CBD500}"
EndProject
Global
	GlobalSection(SolutionConfigurationPlatforms) = preSolution
		Debug|Any CPU = Debug|Any CPU
		Release|Any CPU = Release|Any CPU
	EndGlobalSection
	GlobalSection(ProjectConfigurationPlatforms) = postSolution
		{D5809E08-E367-4056-B64F-7D084BD51ED5}.Debug|Any CPU.ActiveCfg = Debug|Any CPU
		{D5809E08-E367-4056-B64F-7D084BD51ED5}.Debug|Any CPU.Build.0 = Debug|Any CPU
		{D5809E08-E367-4056-B64F-7D084BD51ED5}.Release|Any CPU.ActiveCfg = Release|Any CPU
		{D5809E08-E367-4056-B64F-7D084BD51ED5}.Release|Any CPU.Build.0 = Release|Any CPU
		{2E500103-0C32-46A1-8698-CDC74035C5E4}.Debug|Any CPU.ActiveCfg = Debug|Any CPU
		{2E500103-0C32-46A1-8698-CDC74035C5E4}.Debug|Any CPU.Build.0 = Debug|Any CPU
		{2E500103-0C32-46A1-8698-CDC74035C5E4}.Release|Any CPU.ActiveCfg = Release|Any CPU
		{2E500103-0C32-46A1-8698-CDC74035C5E4}.Release|Any CPU.Build.0 = Release|Any CPU
		{0BF108D9-9137-4634-B242-720340CBD500}.Debug|Any CPU.ActiveCfg = Debug|Any CPU
		{0BF108D9-9137-4634-B242-720340CBD500}.Debug|Any CPU.Build.0 = Debug|Any CPU
		{0BF108D9-9137-4634-B242-720340CBD500}.Release|Any CPU.ActiveCfg = Release|Any CPU
		{0BF108D9-9137-4634-B242-720340CBD500}.Release|Any CPU.Build.0 = Release|Any CPU
	EndGlobalSection
	GlobalSection(SolutionProperties) = preSolution
		HideSolutionNode = FALSE
	EndGlobalSection
	GlobalSection(ExtensibilityGlobals) = postSolution
		SolutionGuid = {25A5DA05-A682-4497-8952-69E48390ABD8}
	EndGlobalSection
EndGlobal
